
Microsoft Visual Studio Solution File, Format Version 12.00
# Visual Studio Version 17
VisualStudioVersion = 17.6.33723.286
MinimumVisualStudioVersion = 10.0.40219.1
Project("{9A19103F-16F7-4668-BE54-9A1E7A4F7556}") = "homework_21_06_2023", "homework_21_06_2023.csproj", "{894A1F31-5F7C-4085-9906-CD6891B5820B}"
EndProject
Project("{9A19103F-16F7-4668-BE54-9A1E7A4F7556}") = "homework_21_06_2023_2", "..\homework_21_06_2023_2\homework_21_06_2023_2.csproj", "{6822F785-A0EB-4991-A2C9-60D0E8435624}"
EndProject
Project("{9A19103F-16F7-4668-BE54-9A1E7A4F7556}") = "homework_21_06_2023_3", "..\homework_21_06_2023_3\homework_21_06_2023_3.csproj", "{24330EE3-18F2-4A78-8A85-D5DBEE45FEF5}"
EndProject
Project("{9A19103F-16F7-4668-BE54-9A1E7A4F7556}") = "homework_21_06_2023_4", "..\homework_21_06_2023_4\homework_21_06_2023_4.csproj", "{7883782B-BE23-475A-BC1B-C59EE5990309}"
EndProject
Project("{9A19103F-16F7-4668-BE54-9A1E7A4F7556}") = "homework_21_06_2023_5", "..\homework_21_06_2023_5\homework_21_06_2023_5.csproj", "{EE476428-63FC-4AC0-B11A-B123B3B81082}"
EndProject
Project("{FAE04EC0-301F-11D3-BF4B-00C04F79EFBC}") = "MandatoryAssignment1", "..\MandatoryAssignment1\MandatoryAssignment1.csproj", "{57DA157F-9EBC-4050-B962-C65A2384E551}"
EndProject
Global
	GlobalSection(SolutionConfigurationPlatforms) = preSolution
		Debug|Any CPU = Debug|Any CPU
		Release|Any CPU = Release|Any CPU
	EndGlobalSection
	GlobalSection(ProjectConfigurationPlatforms) = postSolution
		{894A1F31-5F7C-4085-9906-CD6891B5820B}.Debug|Any CPU.ActiveCfg = Debug|Any CPU
		{894A1F31-5F7C-4085-9906-CD6891B5820B}.Debug|Any CPU.Build.0 = Debug|Any CPU
		{894A1F31-5F7C-4085-9906-CD6891B5820B}.Release|Any CPU.ActiveCfg = Release|Any CPU
		{894A1F31-5F7C-4085-9906-CD6891B5820B}.Release|Any CPU.Build.0 = Release|Any CPU
		{6822F785-A0EB-4991-A2C9-60D0E8435624}.Debug|Any CPU.ActiveCfg = Debug|Any CPU
		{6822F785-A0EB-4991-A2C9-60D0E8435624}.Debug|Any CPU.Build.0 = Debug|Any CPU
		{6822F785-A0EB-4991-A2C9-60D0E8435624}.Release|Any CPU.ActiveCfg = Release|Any CPU
		{6822F785-A0EB-4991-A2C9-60D0E8435624}.Release|Any CPU.Build.0 = Release|Any CPU
		{24330EE3-18F2-4A78-8A85-D5DBEE45FEF5}.Debug|Any CPU.ActiveCfg = Debug|Any CPU
		{24330EE3-18F2-4A78-8A85-D5DBEE45FEF5}.Debug|Any CPU.Build.0 = Debug|Any CPU
		{24330EE3-18F2-4A78-8A85-D5DBEE45FEF5}.Release|Any CPU.ActiveCfg = Release|Any CPU
		{24330EE3-18F2-4A78-8A85-D5DBEE45FEF5}.Release|Any CPU.Build.0 = Release|Any CPU
		{7883782B-BE23-475A-BC1B-C59EE5990309}.Debug|Any CPU.ActiveCfg = Debug|Any CPU
		{7883782B-BE23-475A-BC1B-C59EE5990309}.Debug|Any CPU.Build.0 = Debug|Any CPU
		{7883782B-BE23-475A-BC1B-C59EE5990309}.Release|Any CPU.ActiveCfg = Release|Any CPU
		{7883782B-BE23-475A-BC1B-C59EE5990309}.Release|Any CPU.Build.0 = Release|Any CPU
		{EE476428-63FC-4AC0-B11A-B123B3B81082}.Debug|Any CPU.ActiveCfg = Debug|Any CPU
		{EE476428-63FC-4AC0-B11A-B123B3B81082}.Debug|Any CPU.Build.0 = Debug|Any CPU
		{EE476428-63FC-4AC0-B11A-B123B3B81082}.Release|Any CPU.ActiveCfg = Release|Any CPU
		{EE476428-63FC-4AC0-B11A-B123B3B81082}.Release|Any CPU.Build.0 = Release|Any CPU
		{57DA157F-9EBC-4050-B962-C65A2384E551}.Debug|Any CPU.ActiveCfg = Debug|Any CPU
		{57DA157F-9EBC-4050-B962-C65A2384E551}.Debug|Any CPU.Build.0 = Debug|Any CPU
		{57DA157F-9EBC-4050-B962-C65A2384E551}.Release|Any CPU.ActiveCfg = Release|Any CPU
		{57DA157F-9EBC-4050-B962-C65A2384E551}.Release|Any CPU.Build.0 = Release|Any CPU
	EndGlobalSection
	GlobalSection(SolutionProperties) = preSolution
		HideSolutionNode = FALSE
	EndGlobalSection
	GlobalSection(ExtensibilityGlobals) = postSolution
		SolutionGuid = {34068FAA-E266-4929-9DA5-9FB96BEE0532}
	EndGlobalSection
EndGlobal
